
Microsoft Visual Studio Solution File, Format Version 12.00
# Visual Studio Express 2012 for Windows Desktop
Project("{FAE04EC0-301F-11D3-BF4B-00C04F79EFBC}") = "MusicScheduler", "MusicScheduler\MusicScheduler.csproj", "{D6793E75-F8AB-43A0-94C5-E3FAF16664B0}"
EndProject
Project("{FAE04EC0-301F-11D3-BF4B-00C04F79EFBC}") = "SchedulerTests", "SchedulerTests\SchedulerTests.csproj", "{A86AEBBF-98A4-4235-AAD0-98D7854A2348}"
EndProject
Global
	GlobalSection(SolutionConfigurationPlatforms) = preSolution
		Debug|Any CPU = Debug|Any CPU
		Release|Any CPU = Release|Any CPU
	EndGlobalSection
	GlobalSection(ProjectConfigurationPlatforms) = postSolution
		{D6793E75-F8AB-43A0-94C5-E3FAF16664B0}.Debug|Any CPU.ActiveCfg = Debug|Any CPU
		{D6793E75-F8AB-43A0-94C5-E3FAF16664B0}.Debug|Any CPU.Build.0 = Debug|Any CPU
		{D6793E75-F8AB-43A0-94C5-E3FAF16664B0}.Release|Any CPU.ActiveCfg = Release|Any CPU
		{D6793E75-F8AB-43A0-94C5-E3FAF16664B0}.Release|Any CPU.Build.0 = Release|Any CPU
		{A86AEBBF-98A4-4235-AAD0-98D7854A2348}.Debug|Any CPU.ActiveCfg = Debug|Any CPU
		{A86AEBBF-98A4-4235-AAD0-98D7854A2348}.Debug|Any CPU.Build.0 = Debug|Any CPU
		{A86AEBBF-98A4-4235-AAD0-98D7854A2348}.Release|Any CPU.ActiveCfg = Release|Any CPU
		{A86AEBBF-98A4-4235-AAD0-98D7854A2348}.Release|Any CPU.Build.0 = Release|Any CPU
	EndGlobalSection
	GlobalSection(SolutionProperties) = preSolution
		HideSolutionNode = FALSE
	EndGlobalSection
EndGlobal
